{
  "name": "superApp",
  "version": "0.0.1",
  "lockfileVersion": 1,
  "requires": true,
  "dependencies": {
    "android-versions": {
      "version": "1.2.1",
      "resolved": "https://registry.npmjs.org/android-versions/-/android-versions-1.2.1.tgz",
      "integrity": "sha512-k6zlrtWbJ3tx1ZsyyJ0Bo3r6cqPA3JUnFGv7pnIaLr1XVxSi2Tcem2lg3kBebFp27v/A40tZqdlouPyakpyKrw=="
    }
  }
}
